
Microsoft Visual Studio Solution File, Format Version 12.00
# Visual Studio Version 17
VisualStudioVersion = 17.7.34031.279
MinimumVisualStudioVersion = 10.0.40219.1
Project("{FAE04EC0-301F-11D3-BF4B-00C04F79EFBC}") = "Calculator", "Calculator\Calculator.csproj", "{C8ED15BE-3F08-477C-80EA-2A3AB9FC12ED}"
EndProject
Project("{FAE04EC0-301F-11D3-BF4B-00C04F79EFBC}") = "xUnitTestProject1", "xUnitTestProject1\xUnitTestProject1.csproj", "{D718C0D5-20DF-48F3-867F-38ECBFA0BC21}"
EndProject
Global
	GlobalSection(SolutionConfigurationPlatforms) = preSolution
		Debug|Any CPU = Debug|Any CPU
		Release|Any CPU = Release|Any CPU
	EndGlobalSection
	GlobalSection(ProjectConfigurationPlatforms) = postSolution
		{C8ED15BE-3F08-477C-80EA-2A3AB9FC12ED}.Debug|Any CPU.ActiveCfg = Debug|Any CPU
		{C8ED15BE-3F08-477C-80EA-2A3AB9FC12ED}.Debug|Any CPU.Build.0 = Debug|Any CPU
		{C8ED15BE-3F08-477C-80EA-2A3AB9FC12ED}.Release|Any CPU.ActiveCfg = Release|Any CPU
		{C8ED15BE-3F08-477C-80EA-2A3AB9FC12ED}.Release|Any CPU.Build.0 = Release|Any CPU
		{D718C0D5-20DF-48F3-867F-38ECBFA0BC21}.Debug|Any CPU.ActiveCfg = Debug|Any CPU
		{D718C0D5-20DF-48F3-867F-38ECBFA0BC21}.Debug|Any CPU.Build.0 = Debug|Any CPU
		{D718C0D5-20DF-48F3-867F-38ECBFA0BC21}.Release|Any CPU.ActiveCfg = Release|Any CPU
		{D718C0D5-20DF-48F3-867F-38ECBFA0BC21}.Release|Any CPU.Build.0 = Release|Any CPU
	EndGlobalSection
	GlobalSection(SolutionProperties) = preSolution
		HideSolutionNode = FALSE
	EndGlobalSection
	GlobalSection(ExtensibilityGlobals) = postSolution
		SolutionGuid = {F40FA99F-E79B-428B-8986-2062EDB0381E}
	EndGlobalSection
EndGlobal
