
Microsoft Visual Studio Solution File, Format Version 12.00
# Visual Studio Version 17
VisualStudioVersion = 17.7.34031.279
MinimumVisualStudioVersion = 10.0.40219.1
Project("{9A19103F-16F7-4668-BE54-9A1E7A4F7556}") = "TrialApplication", "TrialApplication\TrialApplication.csproj", "{B094F33E-0BCB-4750-9BD6-917DAD18F030}"
EndProject
Project("{FAE04EC0-301F-11D3-BF4B-00C04F79EFBC}") = "TrialApplication.Test", "TrialApplication.Test\TrialApplication.Test.csproj", "{0C1B8991-6154-4618-B088-66B04EA6823E}"
EndProject
Global
	GlobalSection(SolutionConfigurationPlatforms) = preSolution
		Debug|Any CPU = Debug|Any CPU
		Release|Any CPU = Release|Any CPU
	EndGlobalSection
	GlobalSection(ProjectConfigurationPlatforms) = postSolution
		{B094F33E-0BCB-4750-9BD6-917DAD18F030}.Debug|Any CPU.ActiveCfg = Debug|Any CPU
		{B094F33E-0BCB-4750-9BD6-917DAD18F030}.Debug|Any CPU.Build.0 = Debug|Any CPU
		{B094F33E-0BCB-4750-9BD6-917DAD18F030}.Release|Any CPU.ActiveCfg = Release|Any CPU
		{B094F33E-0BCB-4750-9BD6-917DAD18F030}.Release|Any CPU.Build.0 = Release|Any CPU
		{0C1B8991-6154-4618-B088-66B04EA6823E}.Debug|Any CPU.ActiveCfg = Debug|Any CPU
		{0C1B8991-6154-4618-B088-66B04EA6823E}.Debug|Any CPU.Build.0 = Debug|Any CPU
		{0C1B8991-6154-4618-B088-66B04EA6823E}.Release|Any CPU.ActiveCfg = Release|Any CPU
		{0C1B8991-6154-4618-B088-66B04EA6823E}.Release|Any CPU.Build.0 = Release|Any CPU
	EndGlobalSection
	GlobalSection(SolutionProperties) = preSolution
		HideSolutionNode = FALSE
	EndGlobalSection
	GlobalSection(ExtensibilityGlobals) = postSolution
		SolutionGuid = {4E7139C1-8572-42D8-BDAB-DC349A0CEA58}
	EndGlobalSection
EndGlobal
